
Microsoft Visual Studio Solution File, Format Version 12.00
# Visual Studio Version 17
VisualStudioVersion = 17.0.31919.166
MinimumVisualStudioVersion = 10.0.40219.1
Project("{FAE04EC0-301F-11D3-BF4B-00C04F79EFBC}") = "SegundaOpMDI", "SegundaOpMDI\SegundaOpMDI.csproj", "{8E9AA9E6-2F81-4318-92BF-AFE6C87378A0}"
EndProject
Global
	GlobalSection(SolutionConfigurationPlatforms) = preSolution
		Debug|Any CPU = Debug|Any CPU
		Release|Any CPU = Release|Any CPU
	EndGlobalSection
	GlobalSection(ProjectConfigurationPlatforms) = postSolution
		{8E9AA9E6-2F81-4318-92BF-AFE6C87378A0}.Debug|Any CPU.ActiveCfg = Debug|Any CPU
		{8E9AA9E6-2F81-4318-92BF-AFE6C87378A0}.Debug|Any CPU.Build.0 = Debug|Any CPU
		{8E9AA9E6-2F81-4318-92BF-AFE6C87378A0}.Release|Any CPU.ActiveCfg = Release|Any CPU
		{8E9AA9E6-2F81-4318-92BF-AFE6C87378A0}.Release|Any CPU.Build.0 = Release|Any CPU
	EndGlobalSection
	GlobalSection(SolutionProperties) = preSolution
		HideSolutionNode = FALSE
	EndGlobalSection
	GlobalSection(ExtensibilityGlobals) = postSolution
		SolutionGuid = {02543589-AFD9-47A5-976E-C7D9107F7D99}
	EndGlobalSection
EndGlobal
